// !$*UTF8*$!
{
	archiveVersion = 1;
	classes = {
	};
	objectVersion = 56;
	objects = {

/* Begin PBXBuildFile section */
		7B0C14AD2995B33800EB95EE /* CaloriesApp.swift in Sources */ = {isa = PBXBuildFile; fileRef = 7B0C14AC2995B33800EB95EE /* CaloriesApp.swift */; };
		7B0C14AF2995B33800EB95EE /* ContentView.swift in Sources */ = {isa = PBXBuildFile; fileRef = 7B0C14AE2995B33800EB95EE /* ContentView.swift */; };
		7B0C14B12995B33A00EB95EE /* Assets.xcassets in Resources */ = {isa = PBXBuildFile; fileRef = 7B0C14B02995B33A00EB95EE /* Assets.xcassets */; };
		7B0C14B42995B33A00EB95EE /* Preview Assets.xcassets in Resources */ = {isa = PBXBuildFile; fileRef = 7B0C14B32995B33A00EB95EE /* Preview Assets.xcassets */; };
		7B0C14BC2995B35400EB95EE /* FoodModel.xcdatamodeld in Sources */ = {isa = PBXBuildFile; fileRef = 7B0C14BA2995B35400EB95EE /* FoodModel.xcdatamodeld */; };
		7B0C14BF2995B3E200EB95EE /* DataController.swift in Sources */ = {isa = PBXBuildFile; fileRef = 7B0C14BE2995B3E200EB95EE /* DataController.swift */; };
		7B0C14CA2995B8A900EB95EE /* AddFoodView.swift in Sources */ = {isa = PBXBuildFile; fileRef = 7B0C14C92995B8A900EB95EE /* AddFoodView.swift */; };
		7B0C14CD2995B92500EB95EE /* TimeFormatting.swift in Sources */ = {isa = PBXBuildFile; fileRef = 7B0C14CC2995B92500EB95EE /* TimeFormatting.swift */; };
		7B0C14D12995C1CD00EB95EE /* EditFoodView.swift in Sources */ = {isa = PBXBuildFile; fileRef = 7B0C14D02995C1CD00EB95EE /* EditFoodView.swift */; };
		7B0C14D62995CEA800EB95EE /* CustomTabBar.swift in Sources */ = {isa = PBXBuildFile; fileRef = 7B0C14D52995CEA800EB95EE /* CustomTabBar.swift */; };
/* End PBXBuildFile section */

/* Begin PBXFileReference section */
		7B0C14A92995B33800EB95EE /* Calories.app */ = {isa = PBXFileReference; explicitFileType = wrapper.application; includeInIndex = 0; path = Calories.app; sourceTree = BUILT_PRODUCTS_DIR; };
		7B0C14AC2995B33800EB95EE /* CaloriesApp.swift */ = {isa = PBXFileReference; lastKnownFileType = sourcecode.swift; path = CaloriesApp.swift; sourceTree = "<group>"; };
		7B0C14AE2995B33800EB95EE /* ContentView.swift */ = {isa = PBXFileReference; lastKnownFileType = sourcecode.swift; path = ContentView.swift; sourceTree = "<group>"; };
		7B0C14B02995B33A00EB95EE /* Assets.xcassets */ = {isa = PBXFileReference; lastKnownFileType = folder.assetcatalog; path = Assets.xcassets; sourceTree = "<group>"; };
		7B0C14B32995B33A00EB95EE /* Preview Assets.xcassets */ = {isa = PBXFileReference; lastKnownFileType = folder.assetcatalog; path = "Preview Assets.xcassets"; sourceTree = "<group>"; };
		7B0C14BB2995B35400EB95EE /* FoodModel.xcdatamodel */ = {isa = PBXFileReference; lastKnownFileType = wrapper.xcdatamodel; path = FoodModel.xcdatamodel; sourceTree = "<group>"; };
		7B0C14BE2995B3E200EB95EE /* DataController.swift */ = {isa = PBXFileReference; lastKnownFileType = sourcecode.swift; path = DataController.swift; sourceTree = "<group>"; };
		7B0C14C92995B8A900EB95EE /* AddFoodView.swift */ = {isa = PBXFileReference; lastKnownFileType = sourcecode.swift; path = AddFoodView.swift; sourceTree = "<group>"; };
		7B0C14CC2995B92500EB95EE /* TimeFormatting.swift */ = {isa = PBXFileReference; lastKnownFileType = sourcecode.swift; path = TimeFormatting.swift; sourceTree = "<group>"; };
		7B0C14D02995C1CD00EB95EE /* EditFoodView.swift */ = {isa = PBXFileReference; lastKnownFileType = sourcecode.swift; path = EditFoodView.swift; sourceTree = "<group>"; };
		7B0C14D52995CEA800EB95EE /* CustomTabBar.swift */ = {isa = PBXFileReference; lastKnownFileType = sourcecode.swift; path = CustomTabBar.swift; sourceTree = "<group>"; };
/* End PBXFileReference section */

/* Begin PBXFrameworksBuildPhase section */
		7B0C14A62995B33800EB95EE /* Frameworks */ = {
			isa = PBXFrameworksBuildPhase;
			buildActionMask = 2147483647;
			files = (
			);
			runOnlyForDeploymentPostprocessing = 0;
		};
/* End PBXFrameworksBuildPhase section */

/* Begin PBXGroup section */
		7B0C14A02995B33800EB95EE = {
			isa = PBXGroup;
			children = (
				7B0C14AB2995B33800EB95EE /* Calories */,
				7B0C14AA2995B33800EB95EE /* Products */,
			);
			sourceTree = "<group>";
		};
		7B0C14AA2995B33800EB95EE /* Products */ = {
			isa = PBXGroup;
			children = (
				7B0C14A92995B33800EB95EE /* Calories.app */,
			);
			name = Products;
			sourceTree = "<group>";
		};
		7B0C14AB2995B33800EB95EE /* Calories */ = {
			isa = PBXGroup;
			children = (
				7B0C14AC2995B33800EB95EE /* CaloriesApp.swift */,
				7B0C14CB2995B8E200EB95EE /* Helpers */,
				7B0C14C82995B85C00EB95EE /* Views */,
				7B0C14D42995CE6D00EB95EE /* Custom Tab Bar */,
				7B0C14BD2995B3B400EB95EE /* DataModel */,
				7B0C14B02995B33A00EB95EE /* Assets.xcassets */,
				7B0C14B22995B33A00EB95EE /* Preview Content */,
			);
			path = Calories;
			sourceTree = "<group>";
		};
		7B0C14B22995B33A00EB95EE /* Preview Content */ = {
			isa = PBXGroup;
			children = (
				7B0C14B32995B33A00EB95EE /* Preview Assets.xcassets */,
			);
			path = "Preview Content";
			sourceTree = "<group>";
		};
		7B0C14BD2995B3B400EB95EE /* DataModel */ = {
			isa = PBXGroup;
			children = (
				7B0C14BA2995B35400EB95EE /* FoodModel.xcdatamodeld */,
				7B0C14BE2995B3E200EB95EE /* DataController.swift */,
			);
			path = DataModel;
			sourceTree = "<group>";
		};
		7B0C14C82995B85C00EB95EE /* Views */ = {
			isa = PBXGroup;
			children = (
				7B0C14AE2995B33800EB95EE /* ContentView.swift */,
				7B0C14C92995B8A900EB95EE /* AddFoodView.swift */,
				7B0C14D02995C1CD00EB95EE /* EditFoodView.swift */,
			);
			path = Views;
			sourceTree = "<group>";
		};
		7B0C14CB2995B8E200EB95EE /* Helpers */ = {
			isa = PBXGroup;
			children = (
				7B0C14CC2995B92500EB95EE /* TimeFormatting.swift */,
			);
			path = Helpers;
			sourceTree = "<group>";
		};
		7B0C14D42995CE6D00EB95EE /* Custom Tab Bar */ = {
			isa = PBXGroup;
			children = (
				7B0C14D52995CEA800EB95EE /* CustomTabBar.swift */,
			);
			path = "Custom Tab Bar";
			sourceTree = "<group>";
		};
/* End PBXGroup section */

/* Begin PBXNativeTarget section */
		7B0C14A82995B33800EB95EE /* Calories */ = {
			isa = PBXNativeTarget;
			buildConfigurationList = 7B0C14B72995B33A00EB95EE /* Build configuration list for PBXNativeTarget "Calories" */;
			buildPhases = (
				7B0C14A52995B33800EB95EE /* Sources */,
				7B0C14A62995B33800EB95EE /* Frameworks */,
				7B0C14A72995B33800EB95EE /* Resources */,
			);
			buildRules = (
			);
			dependencies = (
			);
			name = Calories;
			productName = Calories;
			productReference = 7B0C14A92995B33800EB95EE /* Calories.app */;
			productType = "com.apple.product-type.application";
		};
/* End PBXNativeTarget section */

/* Begin PBXProject section */
		7B0C14A12995B33800EB95EE /* Project object */ = {
			isa = PBXProject;
			attributes = {
				BuildIndependentTargetsInParallel = 1;
				LastSwiftUpdateCheck = 1420;
				LastUpgradeCheck = 1420;
				TargetAttributes = {
					7B0C14A82995B33800EB95EE = {
						CreatedOnToolsVersion = 14.2;
					};
				};
			};
			buildConfigurationList = 7B0C14A42995B33800EB95EE /* Build configuration list for PBXProject "Calories" */;
			compatibilityVersion = "Xcode 14.0";
			developmentRegion = en;
			hasScannedForEncodings = 0;
			knownRegions = (
				en,
				Base,
			);
			mainGroup = 7B0C14A02995B33800EB95EE;
			productRefGroup = 7B0C14AA2995B33800EB95EE /* Products */;
			projectDirPath = "";
			projectRoot = "";
			targets = (
				7B0C14A82995B33800EB95EE /* Calories */,
			);
		};
/* End PBXProject section */

/* Begin PBXResourcesBuildPhase section */
		7B0C14A72995B33800EB95EE /* Resources */ = {
			isa = PBXResourcesBuildPhase;
			buildActionMask = 2147483647;
			files = (
				7B0C14B42995B33A00EB95EE /* Preview Assets.xcassets in Resources */,
				7B0C14B12995B33A00EB95EE /* Assets.xcassets in Resources */,
			);
			runOnlyForDeploymentPostprocessing = 0;
		};
/* End PBXResourcesBuildPhase section */

/* Begin PBXSourcesBuildPhase section */
		7B0C14A52995B33800EB95EE /* Sources */ = {
			isa = PBXSourcesBuildPhase;
			buildActionMask = 2147483647;
			files = (
				7B0C14CA2995B8A900EB95EE /* AddFoodView.swift in Sources */,
				7B0C14AF2995B33800EB95EE /* ContentView.swift in Sources */,
				7B0C14BF2995B3E200EB95EE /* DataController.swift in Sources */,
				7B0C14AD2995B33800EB95EE /* CaloriesApp.swift in Sources */,
				7B0C14D62995CEA800EB95EE /* CustomTabBar.swift in Sources */,
				7B0C14BC2995B35400EB95EE /* FoodModel.xcdatamodeld in Sources */,
				7B0C14D12995C1CD00EB95EE /* EditFoodView.swift in Sources */,
				7B0C14CD2995B92500EB95EE /* TimeFormatting.swift in Sources */,
			);
			runOnlyForDeploymentPostprocessing = 0;
		};
/* End PBXSourcesBuildPhase section */

/* Begin XCBuildConfiguration section */
		7B0C14B52995B33A00EB95EE /* Debug */ = {
			isa = XCBuildConfiguration;
			buildSettings = {
				ALWAYS_SEARCH_USER_PATHS = NO;
				CLANG_ANALYZER_NONNULL = YES;
				CLANG_ANALYZER_NUMBER_OBJECT_CONVERSION = YES_AGGRESSIVE;
				CLANG_CXX_LANGUAGE_STANDARD = "gnu++20";
				CLANG_ENABLE_MODULES = YES;
				CLANG_ENABLE_OBJC_ARC = YES;
				CLANG_ENABLE_OBJC_WEAK = YES;
				CLANG_WARN_BLOCK_CAPTURE_AUTORELEASING = YES;
				CLANG_WARN_BOOL_CONVERSION = YES;
				CLANG_WARN_COMMA = YES;
				CLANG_WARN_CONSTANT_CONVERSION = YES;
				CLANG_WARN_DEPRECATED_OBJC_IMPLEMENTATIONS = YES;
				CLANG_WARN_DIRECT_OBJC_ISA_USAGE = YES_ERROR;
				CLANG_WARN_DOCUMENTATION_COMMENTS = YES;
				CLANG_WARN_EMPTY_BODY = YES;
				CLANG_WARN_ENUM_CONVERSION = YES;
				CLANG_WARN_INFINITE_RECURSION = YES;
				CLANG_WARN_INT_CONVERSION = YES;
				CLANG_WARN_NON_LITERAL_NULL_CONVERSION = YES;
				CLANG_WARN_OBJC_IMPLICIT_RETAIN_SELF = YES;
				CLANG_WARN_OBJC_LITERAL_CONVERSION = YES;
				CLANG_WARN_OBJC_ROOT_CLASS = YES_ERROR;
				CLANG_WARN_QUOTED_INCLUDE_IN_FRAMEWORK_HEADER = YES;
				CLANG_WARN_RANGE_LOOP_ANALYSIS = YES;
				CLANG_WARN_STRICT_PROTOTYPES = YES;
				CLANG_WARN_SUSPICIOUS_MOVE = YES;
				CLANG_WARN_UNGUARDED_AVAILABILITY = YES_AGGRESSIVE;
				CLANG_WARN_UNREACHABLE_CODE = YES;
				CLANG_WARN__DUPLICATE_METHOD_MATCH = YES;
				COPY_PHASE_STRIP = NO;
				DEBUG_INFORMATION_FORMAT = dwarf;
				ENABLE_STRICT_OBJC_MSGSEND = YES;
				ENABLE_TESTABILITY = YES;
				GCC_C_LANGUAGE_STANDARD = gnu11;
				GCC_DYNAMIC_NO_PIC = NO;
				GCC_NO_COMMON_BLOCKS = YES;
				GCC_OPTIMIZATION_LEVEL = 0;
				GCC_PREPROCESSOR_DEFINITIONS = (
					"DEBUG=1",
					"$(inherited)",
				);
				GCC_WARN_64_TO_32_BIT_CONVERSION = YES;
				GCC_WARN_ABOUT_RETURN_TYPE = YES_ERROR;
				GCC_WARN_UNDECLARED_SELECTOR = YES;
				GCC_WARN_UNINITIALIZED_AUTOS = YES_AGGRESSIVE;
				GCC_WARN_UNUSED_FUNCTION = YES;
				GCC_WARN_UNUSED_VARIABLE = YES;
				IPHONEOS_DEPLOYMENT_TARGET = 16.2;
				MTL_ENABLE_DEBUG_INFO = INCLUDE_SOURCE;
				MTL_FAST_MATH = YES;
				ONLY_ACTIVE_ARCH = YES;
				SDKROOT = iphoneos;
				SWIFT_ACTIVE_COMPILATION_CONDITIONS = DEBUG;
				SWIFT_OPTIMIZATION_LEVEL = "-Onone";
			};
			name = Debug;
		};
		7B0C14B62995B33A00EB95EE /* Release */ = {
			isa = XCBuildConfiguration;
			buildSettings = {
				ALWAYS_SEARCH_USER_PATHS = NO;
				CLANG_ANALYZER_NONNULL = YES;
				CLANG_ANALYZER_NUMBER_OBJECT_CONVERSION = YES_AGGRESSIVE;
				CLANG_CXX_LANGUAGE_STANDARD = "gnu++20";
				CLANG_ENABLE_MODULES = YES;
				CLANG_ENABLE_OBJC_ARC = YES;
				CLANG_ENABLE_OBJC_WEAK = YES;
				CLANG_WARN_BLOCK_CAPTURE_AUTORELEASING = YES;
				CLANG_WARN_BOOL_CONVERSION = YES;
				CLANG_WARN_COMMA = YES;
				CLANG_WARN_CONSTANT_CONVERSION = YES;
				CLANG_WARN_DEPRECATED_OBJC_IMPLEMENTATIONS = YES;
				CLANG_WARN_DIRECT_OBJC_ISA_USAGE = YES_ERROR;
				CLANG_WARN_DOCUMENTATION_COMMENTS = YES;
				CLANG_WARN_EMPTY_BODY = YES;
				CLANG_WARN_ENUM_CONVERSION = YES;
				CLANG_WARN_INFINITE_RECURSION = YES;
				CLANG_WARN_INT_CONVERSION = YES;
				CLANG_WARN_NON_LITERAL_NULL_CONVERSION = YES;
				CLANG_WARN_OBJC_IMPLICIT_RETAIN_SELF = YES;
				CLANG_WARN_OBJC_LITERAL_CONVERSION = YES;
				CLANG_WARN_OBJC_ROOT_CLASS = YES_ERROR;
				CLANG_WARN_QUOTED_INCLUDE_IN_FRAMEWORK_HEADER = YES;
				CLANG_WARN_RANGE_LOOP_ANALYSIS = YES;
				CLANG_WARN_STRICT_PROTOTYPES = YES;
				CLANG_WARN_SUSPICIOUS_MOVE = YES;
				CLANG_WARN_UNGUARDED_AVAILABILITY = YES_AGGRESSIVE;
				CLANG_WARN_UNREACHABLE_CODE = YES;
				CLANG_WARN__DUPLICATE_METHOD_MATCH = YES;
				COPY_PHASE_STRIP = NO;
				DEBUG_INFORMATION_FORMAT = "dwarf-with-dsym";
				ENABLE_NS_ASSERTIONS = NO;
				ENABLE_STRICT_OBJC_MSGSEND = YES;
				GCC_C_LANGUAGE_STANDARD = gnu11;
				GCC_NO_COMMON_BLOCKS = YES;
				GCC_WARN_64_TO_32_BIT_CONVERSION = YES;
				GCC_WARN_ABOUT_RETURN_TYPE = YES_ERROR;
				GCC_WARN_UNDECLARED_SELECTOR = YES;
				GCC_WARN_UNINITIALIZED_AUTOS = YES_AGGRESSIVE;
				GCC_WARN_UNUSED_FUNCTION = YES;
				GCC_WARN_UNUSED_VARIABLE = YES;
				IPHONEOS_DEPLOYMENT_TARGET = 16.2;
				MTL_ENABLE_DEBUG_INFO = NO;
				MTL_FAST_MATH = YES;
				SDKROOT = iphoneos;
				SWIFT_COMPILATION_MODE = wholemodule;
				SWIFT_OPTIMIZATION_LEVEL = "-O";
				VALIDATE_PRODUCT = YES;
			};
			name = Release;
		};
		7B0C14B82995B33A00EB95EE /* Debug */ = {
			isa = XCBuildConfiguration;
			buildSettings = {
				ASSETCATALOG_COMPILER_APPICON_NAME = AppIcon;
				ASSETCATALOG_COMPILER_GLOBAL_ACCENT_COLOR_NAME = AccentColor;
				CODE_SIGN_STYLE = Automatic;
				CURRENT_PROJECT_VERSION = 1;
				DEVELOPMENT_ASSET_PATHS = "\"Calories/Preview Content\"";
				DEVELOPMENT_TEAM = 4GPDTG6U4F;
				ENABLE_PREVIEWS = YES;
				GENERATE_INFOPLIST_FILE = YES;
				INFOPLIST_KEY_UIApplicationSceneManifest_Generation = YES;
				INFOPLIST_KEY_UIApplicationSupportsIndirectInputEvents = YES;
				INFOPLIST_KEY_UILaunchScreen_Generation = YES;
				INFOPLIST_KEY_UISupportedInterfaceOrientations_iPad = "UIInterfaceOrientationPortrait UIInterfaceOrientationPortraitUpsideDown UIInterfaceOrientationLandscapeLeft UIInterfaceOrientationLandscapeRight";
				INFOPLIST_KEY_UISupportedInterfaceOrientations_iPhone = "UIInterfaceOrientationPortrait UIInterfaceOrientationLandscapeLeft UIInterfaceOrientationLandscapeRight";
				LD_RUNPATH_SEARCH_PATHS = (
					"$(inherited)",
					"@executable_path/Frameworks",
				);
				MARKETING_VERSION = 1.0;
				PRODUCT_BUNDLE_IDENTIFIER = Nastya.Calories;
				PRODUCT_NAME = "$(TARGET_NAME)";
				SWIFT_EMIT_LOC_STRINGS = YES;
				SWIFT_VERSION = 5.0;
				TARGETED_DEVICE_FAMILY = "1,2";
			};
			name = Debug;
		};
		7B0C14B92995B33A00EB95EE /* Release */ = {
			isa = XCBuildConfiguration;
			buildSettings = {
				ASSETCATALOG_COMPILER_APPICON_NAME = AppIcon;
				ASSETCATALOG_COMPILER_GLOBAL_ACCENT_COLOR_NAME = AccentColor;
				CODE_SIGN_STYLE = Automatic;
				CURRENT_PROJECT_VERSION = 1;
				DEVELOPMENT_ASSET_PATHS = "\"Calories/Preview Content\"";
				DEVELOPMENT_TEAM = 4GPDTG6U4F;
				ENABLE_PREVIEWS = YES;
				GENERATE_INFOPLIST_FILE = YES;
				INFOPLIST_KEY_UIApplicationSceneManifest_Generation = YES;
				INFOPLIST_KEY_UIApplicationSupportsIndirectInputEvents = YES;
				INFOPLIST_KEY_UILaunchScreen_Generation = YES;
				INFOPLIST_KEY_UISupportedInterfaceOrientations_iPad = "UIInterfaceOrientationPortrait UIInterfaceOrientationPortraitUpsideDown UIInterfaceOrientationLandscapeLeft UIInterfaceOrientationLandscapeRight";
				INFOPLIST_KEY_UISupportedInterfaceOrientations_iPhone = "UIInterfaceOrientationPortrait UIInterfaceOrientationLandscapeLeft UIInterfaceOrientationLandscapeRight";
				LD_RUNPATH_SEARCH_PATHS = (
					"$(inherited)",
					"@executable_path/Frameworks",
				);
				MARKETING_VERSION = 1.0;
				PRODUCT_BUNDLE_IDENTIFIER = Nastya.Calories;
				PRODUCT_NAME = "$(TARGET_NAME)";
				SWIFT_EMIT_LOC_STRINGS = YES;
				SWIFT_VERSION = 5.0;
				TARGETED_DEVICE_FAMILY = "1,2";
			};
			name = Release;
		};
/* End XCBuildConfiguration section */

/* Begin XCConfigurationList section */
		7B0C14A42995B33800EB95EE /* Build configuration list for PBXProject "Calories" */ = {
			isa = XCConfigurationList;
			buildConfigurations = (
				7B0C14B52995B33A00EB95EE /* Debug */,
				7B0C14B62995B33A00EB95EE /* Release */,
			);
			defaultConfigurationIsVisible = 0;
			defaultConfigurationName = Release;
		};
		7B0C14B72995B33A00EB95EE /* Build configuration list for PBXNativeTarget "Calories" */ = {
			isa = XCConfigurationList;
			buildConfigurations = (
				7B0C14B82995B33A00EB95EE /* Debug */,
				7B0C14B92995B33A00EB95EE /* Release */,
			);
			defaultConfigurationIsVisible = 0;
			defaultConfigurationName = Release;
		};
/* End XCConfigurationList section */

/* Begin XCVersionGroup section */
		7B0C14BA2995B35400EB95EE /* FoodModel.xcdatamodeld */ = {
			isa = XCVersionGroup;
			children = (
				7B0C14BB2995B35400EB95EE /* FoodModel.xcdatamodel */,
			);
			currentVersion = 7B0C14BB2995B35400EB95EE /* FoodModel.xcdatamodel */;
			path = FoodModel.xcdatamodeld;
			sourceTree = "<group>";
			versionGroupType = wrapper.xcdatamodel;
		};
/* End XCVersionGroup section */
	};
	rootObject = 7B0C14A12995B33800EB95EE /* Project object */;
}
